dependencies:
  espressif/esp_lcd_touch:
    dependencies: []
    source:
      path: /home/nixyan/ESP32-UI/components/espressif__esp_lcd_touch
      type: local
    version: 1.1.2
  espressif/esp_lcd_touch_gt911:
    dependencies: []
    source:
      path: /home/nixyan/ESP32-UI/components/espressif__esp_lcd_touch_gt911
      type: local
    version: 1.1.1~1
  idf:
    source:
      type: idf
    version: 5.4.0
  lvgl/lvgl:
    dependencies: []
    source:
      path: /home/nixyan/ESP32-UI/components/lvgl__lvgl
      type: local
    version: 8.4.0
direct_dependencies:
- espressif/esp_lcd_touch
- espressif/esp_lcd_touch_gt911
- idf
- lvgl/lvgl
manifest_hash: 0fa1fba2427deeb457135d4acb2922c571ca0bb2adafb9ee83d03e88f5914713
target: esp32s3
version: 2.0.0
